
Microsoft Visual Studio Solution File, Format Version 12.00
# Visual Studio 15
VisualStudioVersion = 15.0.28307.572
MinimumVisualStudioVersion = 10.0.40219.1
Project("{FAE04EC0-301F-11D3-BF4B-00C04F79EFBC}") = "Product.API", "Product.API\Product.API.csproj", "{9DB1E38B-AEB9-451D-AFF9-42812AC6271D}"
EndProject
Project("{2150E333-8FDC-42A3-9474-1A3956D46DE8}") = "src", "src", "{6921E382-3C8E-4316-97BB-4583033DF149}"
EndProject
Project("{2150E333-8FDC-42A3-9474-1A3956D46DE8}") = "Services", "Services", "{2E6380FD-5AB0-420F-99BF-DFCE5433A46F}"
EndProject
Project("{2150E333-8FDC-42A3-9474-1A3956D46DE8}") = "Product", "Product", "{2E842329-50D2-444A-AB94-46F47CC3C453}"
EndProject
Project("{2150E333-8FDC-42A3-9474-1A3956D46DE8}") = "tests", "tests", "{ECC73F4A-C075-4EE1-AE83-9CBBF22D93B8}"
EndProject
Global
	GlobalSection(SolutionConfigurationPlatforms) = preSolution
		Debug|Any CPU = Debug|Any CPU
		Release|Any CPU = Release|Any CPU
	EndGlobalSection
	GlobalSection(ProjectConfigurationPlatforms) = postSolution
		{9DB1E38B-AEB9-451D-AFF9-42812AC6271D}.Debug|Any CPU.ActiveCfg = Debug|Any CPU
		{9DB1E38B-AEB9-451D-AFF9-42812AC6271D}.Debug|Any CPU.Build.0 = Debug|Any CPU
		{9DB1E38B-AEB9-451D-AFF9-42812AC6271D}.Release|Any CPU.ActiveCfg = Release|Any CPU
		{9DB1E38B-AEB9-451D-AFF9-42812AC6271D}.Release|Any CPU.Build.0 = Release|Any CPU
	EndGlobalSection
	GlobalSection(SolutionProperties) = preSolution
		HideSolutionNode = FALSE
	EndGlobalSection
	GlobalSection(NestedProjects) = preSolution
		{9DB1E38B-AEB9-451D-AFF9-42812AC6271D} = {2E842329-50D2-444A-AB94-46F47CC3C453}
		{2E6380FD-5AB0-420F-99BF-DFCE5433A46F} = {6921E382-3C8E-4316-97BB-4583033DF149}
		{2E842329-50D2-444A-AB94-46F47CC3C453} = {2E6380FD-5AB0-420F-99BF-DFCE5433A46F}
		{ECC73F4A-C075-4EE1-AE83-9CBBF22D93B8} = {2E842329-50D2-444A-AB94-46F47CC3C453}
	EndGlobalSection
	GlobalSection(ExtensibilityGlobals) = postSolution
		SolutionGuid = {601A7B00-AFE4-48B2-ACFE-AF5481057216}
	EndGlobalSection
EndGlobal
